// !$*UTF8*$!
{
	archiveVersion = 1;
	classes = {
	};
	objectVersion = 50;
	objects = {

/* Begin PBXBuildFile section */
		BEB01BC8246794660077EE1B /* DayPageViewController.swift in Sources */ = {isa = PBXBuildFile; fileRef = BEB01BC7246794660077EE1B /* DayPageViewController.swift */; };
		BEB01BCA2467968F0077EE1B /* DayPageView.swift in Sources */ = {isa = PBXBuildFile; fileRef = BEB01BC92467968F0077EE1B /* DayPageView.swift */; };
		BEB01BCC24685D040077EE1B /* DayGridView.swift in Sources */ = {isa = PBXBuildFile; fileRef = BEB01BCB24685D040077EE1B /* DayGridView.swift */; };
		BEB9737824645FA60035E170 /* AppDelegate.swift in Sources */ = {isa = PBXBuildFile; fileRef = BEB9737724645FA60035E170 /* AppDelegate.swift */; };
		BEB9737A24645FA60035E170 /* SceneDelegate.swift in Sources */ = {isa = PBXBuildFile; fileRef = BEB9737924645FA60035E170 /* SceneDelegate.swift */; };
		BEB9737C24645FA60035E170 /* ContentView.swift in Sources */ = {isa = PBXBuildFile; fileRef = BEB9737B24645FA60035E170 /* ContentView.swift */; };
		BEB9737E24645FA80035E170 /* Assets.xcassets in Resources */ = {isa = PBXBuildFile; fileRef = BEB9737D24645FA80035E170 /* Assets.xcassets */; };
		BEB9738124645FA80035E170 /* Preview Assets.xcassets in Resources */ = {isa = PBXBuildFile; fileRef = BEB9738024645FA80035E170 /* Preview Assets.xcassets */; };
		BEB9738424645FA80035E170 /* LaunchScreen.storyboard in Resources */ = {isa = PBXBuildFile; fileRef = BEB9738224645FA80035E170 /* LaunchScreen.storyboard */; };
		BEB9738F24645FA80035E170 /* SeventyFiveHardTests.swift in Sources */ = {isa = PBXBuildFile; fileRef = BEB9738E24645FA80035E170 /* SeventyFiveHardTests.swift */; };
		BEB9739A24645FA80035E170 /* SeventyFiveHardUITests.swift in Sources */ = {isa = PBXBuildFile; fileRef = BEB9739924645FA80035E170 /* SeventyFiveHardUITests.swift */; };
		BEB973A824646D320035E170 /* CircleImage.swift in Sources */ = {isa = PBXBuildFile; fileRef = BEB973A724646D320035E170 /* CircleImage.swift */; };
		BEB973AA24646E500035E170 /* MapView.swift in Sources */ = {isa = PBXBuildFile; fileRef = BEB973A924646E500035E170 /* MapView.swift */; };
		BEB973AD2464716A0035E170 /* Day.swift in Sources */ = {isa = PBXBuildFile; fileRef = BEB973AC2464716A0035E170 /* Day.swift */; };
		BEB973B0246471FB0035E170 /* Row.swift in Sources */ = {isa = PBXBuildFile; fileRef = BEB973AF246471FB0035E170 /* Row.swift */; };
		BEB973B2246472DC0035E170 /* Requirement.swift in Sources */ = {isa = PBXBuildFile; fileRef = BEB973B1246472DC0035E170 /* Requirement.swift */; };
		BEB973B4246473D40035E170 /* dayData.json in Resources */ = {isa = PBXBuildFile; fileRef = BEB973B3246473D40035E170 /* dayData.json */; };
		BEB973B6246475270035E170 /* Data.swift in Sources */ = {isa = PBXBuildFile; fileRef = BEB973B5246475270035E170 /* Data.swift */; };
		BEB973B82464795D0035E170 /* DayList.swift in Sources */ = {isa = PBXBuildFile; fileRef = BEB973B72464795D0035E170 /* DayList.swift */; };
		BEB973BA24648A770035E170 /* UserData.swift in Sources */ = {isa = PBXBuildFile; fileRef = BEB973B924648A770035E170 /* UserData.swift */; };
		BEB973BC24648EBF0035E170 /* Badge.swift in Sources */ = {isa = PBXBuildFile; fileRef = BEB973BB24648EBF0035E170 /* Badge.swift */; };
		BEB973BE24648F120035E170 /* HexagonParameters.swift in Sources */ = {isa = PBXBuildFile; fileRef = BEB973BD24648F120035E170 /* HexagonParameters.swift */; };
		BEB973C0246492100035E170 /* BadgeBackground.swift in Sources */ = {isa = PBXBuildFile; fileRef = BEB973BF246492100035E170 /* BadgeBackground.swift */; };
		BEB973C22464925F0035E170 /* BadgeSymbol.swift in Sources */ = {isa = PBXBuildFile; fileRef = BEB973C12464925F0035E170 /* BadgeSymbol.swift */; };
		BEB973C4246492F90035E170 /* RotatedBadgeSymbol.swift in Sources */ = {isa = PBXBuildFile; fileRef = BEB973C3246492F90035E170 /* RotatedBadgeSymbol.swift */; };
		BEB973C62464945C0035E170 /* HikeView.swift in Sources */ = {isa = PBXBuildFile; fileRef = BEB973C52464945B0035E170 /* HikeView.swift */; };
		BEB973C8246494730035E170 /* Hike.swift in Sources */ = {isa = PBXBuildFile; fileRef = BEB973C7246494730035E170 /* Hike.swift */; };
		BEB973CA246494890035E170 /* hikeData.json in Resources */ = {isa = PBXBuildFile; fileRef = BEB973C9246494890035E170 /* hikeData.json */; };
		BEB973CD246494CC0035E170 /* HikeGraph.swift in Sources */ = {isa = PBXBuildFile; fileRef = BEB973CC246494CC0035E170 /* HikeGraph.swift */; };
		BEB973CF246495190035E170 /* GraphCapsule.swift in Sources */ = {isa = PBXBuildFile; fileRef = BEB973CE246495190035E170 /* GraphCapsule.swift */; };
		BEB973D1246495300035E170 /* HikeDetail.swift in Sources */ = {isa = PBXBuildFile; fileRef = BEB973D0246495300035E170 /* HikeDetail.swift */; };
		BEB973D324649BB50035E170 /* Home.swift in Sources */ = {isa = PBXBuildFile; fileRef = BEB973D224649BB50035E170 /* Home.swift */; };
		BEB973D52464A31B0035E170 /* CategoryRow.swift in Sources */ = {isa = PBXBuildFile; fileRef = BEB973D42464A31B0035E170 /* CategoryRow.swift */; };
		BEB973D82464A9E80035E170 /* ProfileHost.swift in Sources */ = {isa = PBXBuildFile; fileRef = BEB973D72464A9E80035E170 /* ProfileHost.swift */; };
		BEB973DA2464AA270035E170 /* Profile.swift in Sources */ = {isa = PBXBuildFile; fileRef = BEB973D92464AA270035E170 /* Profile.swift */; };
		BEB973DC2464AC260035E170 /* ProfileSummary.swift in Sources */ = {isa = PBXBuildFile; fileRef = BEB973DB2464AC260035E170 /* ProfileSummary.swift */; };
		BEB973DE2464ACBD0035E170 /* HikeBadge.swift in Sources */ = {isa = PBXBuildFile; fileRef = BEB973DD2464ACBD0035E170 /* HikeBadge.swift */; };
		BEB973E02464AE190035E170 /* ProfileEditor.swift in Sources */ = {isa = PBXBuildFile; fileRef = BEB973DF2464AE190035E170 /* ProfileEditor.swift */; };
		BEB973E22464B3C10035E170 /* DayView.swift in Sources */ = {isa = PBXBuildFile; fileRef = BEB973E12464B3C10035E170 /* DayView.swift */; };
		BEB973E42464BADE0035E170 /* RequirementRow.swift in Sources */ = {isa = PBXBuildFile; fileRef = BEB973E32464BADE0035E170 /* RequirementRow.swift */; };
		BEB973E62465B4B70035E170 /* landmarkData.json in Resources */ = {isa = PBXBuildFile; fileRef = BEB973E52465B4B70035E170 /* landmarkData.json */; };
		BEB973E82465B4EA0035E170 /* requirementData.json in Resources */ = {isa = PBXBuildFile; fileRef = BEB973E72465B4EA0035E170 /* requirementData.json */; };
		BEB973EA2465B8230035E170 /* Landmark.swift in Sources */ = {isa = PBXBuildFile; fileRef = BEB973E92465B8230035E170 /* Landmark.swift */; };
		BEB973EF2465BC5A0035E170 /* rainbowlake.jpg in Resources */ = {isa = PBXBuildFile; fileRef = BEB973EB2465BC5A0035E170 /* rainbowlake.jpg */; };
		BEB973F02465BC5A0035E170 /* stmarylake.jpg in Resources */ = {isa = PBXBuildFile; fileRef = BEB973EC2465BC5A0035E170 /* stmarylake.jpg */; };
		BEB973F12465BC5A0035E170 /* chilkoottrail.jpg in Resources */ = {isa = PBXBuildFile; fileRef = BEB973ED2465BC5A0035E170 /* chilkoottrail.jpg */; };
		BEB973F22465BC5A0035E170 /* chincoteague.jpg in Resources */ = {isa = PBXBuildFile; fileRef = BEB973EE2465BC5A0035E170 /* chincoteague.jpg */; };
		BEB973F82465BC610035E170 /* twinlake.jpg in Resources */ = {isa = PBXBuildFile; fileRef = BEB973F32465BC600035E170 /* twinlake.jpg */; };
		BEB973F92465BC610035E170 /* hiddenlake.jpg in Resources */ = {isa = PBXBuildFile; fileRef = BEB973F42465BC610035E170 /* hiddenlake.jpg */; };
		BEB973FA2465BC610035E170 /* icybay.jpg in Resources */ = {isa = PBXBuildFile; fileRef = BEB973F52465BC610035E170 /* icybay.jpg */; };
		BEB973FB2465BC610035E170 /* umbagog.jpg in Resources */ = {isa = PBXBuildFile; fileRef = BEB973F62465BC610035E170 /* umbagog.jpg */; };
		BEB973FC2465BC610035E170 /* lakemcdonald.jpg in Resources */ = {isa = PBXBuildFile; fileRef = BEB973F72465BC610035E170 /* lakemcdonald.jpg */; };
		BEB974002465BC670035E170 /* charleyrivers.jpg in Resources */ = {isa = PBXBuildFile; fileRef = BEB973FD2465BC660035E170 /* charleyrivers.jpg */; };
		BEB974012465BC670035E170 /* turtlerock.jpg in Resources */ = {isa = PBXBuildFile; fileRef = BEB973FE2465BC660035E170 /* turtlerock.jpg */; };
		BEB974022465BC670035E170 /* silversalmoncreek.jpg in Resources */ = {isa = PBXBuildFile; fileRef = BEB973FF2465BC660035E170 /* silversalmoncreek.jpg */; };
		BEB974042465C9A10035E170 /* Home-old.swift in Sources */ = {isa = PBXBuildFile; fileRef = BEB974032465C9A10035E170 /* Home-old.swift */; };
		BEB974062465E3C30035E170 /* RequirementItem.swift in Sources */ = {isa = PBXBuildFile; fileRef = BEB974052465E3C30035E170 /* RequirementItem.swift */; };
/* End PBXBuildFile section */

/* Begin PBXContainerItemProxy section */
		BEB9738B24645FA80035E170 /* PBXContainerItemProxy */ = {
			isa = PBXContainerItemProxy;
			containerPortal = BEB9736C24645FA50035E170 /* Project object */;
			proxyType = 1;
			remoteGlobalIDString = BEB9737324645FA50035E170;
			remoteInfo = SeventyFiveHard;
		};
		BEB9739624645FA80035E170 /* PBXContainerItemProxy */ = {
			isa = PBXContainerItemProxy;
			containerPortal = BEB9736C24645FA50035E170 /* Project object */;
			proxyType = 1;
			remoteGlobalIDString = BEB9737324645FA50035E170;
			remoteInfo = SeventyFiveHard;
		};
/* End PBXContainerItemProxy section */

/* Begin PBXFileReference section */
		BEB01BC7246794660077EE1B /* DayPageViewController.swift */ = {isa = PBXFileReference; lastKnownFileType = sourcecode.swift; path = DayPageViewController.swift; sourceTree = "<group>"; };
		BEB01BC92467968F0077EE1B /* DayPageView.swift */ = {isa = PBXFileReference; lastKnownFileType = sourcecode.swift; path = DayPageView.swift; sourceTree = "<group>"; };
		BEB01BCB24685D040077EE1B /* DayGridView.swift */ = {isa = PBXFileReference; lastKnownFileType = sourcecode.swift; path = DayGridView.swift; sourceTree = "<group>"; };
		BEB9737424645FA60035E170 /* SeventyFiveHard.app */ = {isa = PBXFileReference; explicitFileType = wrapper.application; includeInIndex = 0; path = SeventyFiveHard.app; sourceTree = BUILT_PRODUCTS_DIR; };
		BEB9737724645FA60035E170 /* AppDelegate.swift */ = {isa = PBXFileReference; lastKnownFileType = sourcecode.swift; path = AppDelegate.swift; sourceTree = "<group>"; };
		BEB9737924645FA60035E170 /* SceneDelegate.swift */ = {isa = PBXFileReference; lastKnownFileType = sourcecode.swift; path = SceneDelegate.swift; sourceTree = "<group>"; };
		BEB9737B24645FA60035E170 /* ContentView.swift */ = {isa = PBXFileReference; lastKnownFileType = sourcecode.swift; path = ContentView.swift; sourceTree = "<group>"; };
		BEB9737D24645FA80035E170 /* Assets.xcassets */ = {isa = PBXFileReference; lastKnownFileType = folder.assetcatalog; path = Assets.xcassets; sourceTree = "<group>"; };
		BEB9738024645FA80035E170 /* Preview Assets.xcassets */ = {isa = PBXFileReference; lastKnownFileType = folder.assetcatalog; path = "Preview Assets.xcassets"; sourceTree = "<group>"; };
		BEB9738324645FA80035E170 /* Base */ = {isa = PBXFileReference; lastKnownFileType = file.storyboard; name = Base; path = Base.lproj/LaunchScreen.storyboard; sourceTree = "<group>"; };
		BEB9738524645FA80035E170 /* Info.plist */ = {isa = PBXFileReference; lastKnownFileType = text.plist.xml; path = Info.plist; sourceTree = "<group>"; };
		BEB9738A24645FA80035E170 /* SeventyFiveHardTests.xctest */ = {isa = PBXFileReference; explicitFileType = wrapper.cfbundle; includeInIndex = 0; path = SeventyFiveHardTests.xctest; sourceTree = BUILT_PRODUCTS_DIR; };
		BEB9738E24645FA80035E170 /* SeventyFiveHardTests.swift */ = {isa = PBXFileReference; lastKnownFileType = sourcecode.swift; path = SeventyFiveHardTests.swift; sourceTree = "<group>"; };
		BEB9739024645FA80035E170 /* Info.plist */ = {isa = PBXFileReference; lastKnownFileType = text.plist.xml; path = Info.plist; sourceTree = "<group>"; };
		BEB9739524645FA80035E170 /* SeventyFiveHardUITests.xctest */ = {isa = PBXFileReference; explicitFileType = wrapper.cfbundle; includeInIndex = 0; path = SeventyFiveHardUITests.xctest; sourceTree = BUILT_PRODUCTS_DIR; };
		BEB9739924645FA80035E170 /* SeventyFiveHardUITests.swift */ = {isa = PBXFileReference; lastKnownFileType = sourcecode.swift; path = SeventyFiveHardUITests.swift; sourceTree = "<group>"; };
		BEB9739B24645FA80035E170 /* Info.plist */ = {isa = PBXFileReference; lastKnownFileType = text.plist.xml; path = Info.plist; sourceTree = "<group>"; };
		BEB973A724646D320035E170 /* CircleImage.swift */ = {isa = PBXFileReference; lastKnownFileType = sourcecode.swift; path = CircleImage.swift; sourceTree = "<group>"; };
		BEB973A924646E500035E170 /* MapView.swift */ = {isa = PBXFileReference; lastKnownFileType = sourcecode.swift; path = MapView.swift; sourceTree = "<group>"; };
		BEB973AC2464716A0035E170 /* Day.swift */ = {isa = PBXFileReference; lastKnownFileType = sourcecode.swift; path = Day.swift; sourceTree = "<group>"; };
		BEB973AF246471FB0035E170 /* Row.swift */ = {isa = PBXFileReference; lastKnownFileType = sourcecode.swift; path = Row.swift; sourceTree = "<group>"; };
		BEB973B1246472DC0035E170 /* Requirement.swift */ = {isa = PBXFileReference; lastKnownFileType = sourcecode.swift; path = Requirement.swift; sourceTree = "<group>"; };
		BEB973B3246473D40035E170 /* dayData.json */ = {isa = PBXFileReference; lastKnownFileType = text.json; path = dayData.json; sourceTree = "<group>"; };
		BEB973B5246475270035E170 /* Data.swift */ = {isa = PBXFileReference; fileEncoding = 4; lastKnownFileType = sourcecode.swift; path = Data.swift; sourceTree = "<group>"; };
		BEB973B72464795D0035E170 /* DayList.swift */ = {isa = PBXFileReference; lastKnownFileType = sourcecode.swift; path = DayList.swift; sourceTree = "<group>"; };
		BEB973B924648A770035E170 /* UserData.swift */ = {isa = PBXFileReference; lastKnownFileType = sourcecode.swift; path = UserData.swift; sourceTree = "<group>"; };
		BEB973BB24648EBF0035E170 /* Badge.swift */ = {isa = PBXFileReference; lastKnownFileType = sourcecode.swift; path = Badge.swift; sourceTree = "<group>"; };
		BEB973BD24648F120035E170 /* HexagonParameters.swift */ = {isa = PBXFileReference; fileEncoding = 4; lastKnownFileType = sourcecode.swift; path = HexagonParameters.swift; sourceTree = "<group>"; };
		BEB973BF246492100035E170 /* BadgeBackground.swift */ = {isa = PBXFileReference; lastKnownFileType = sourcecode.swift; path = BadgeBackground.swift; sourceTree = "<group>"; };
		BEB973C12464925F0035E170 /* BadgeSymbol.swift */ = {isa = PBXFileReference; lastKnownFileType = sourcecode.swift; path = BadgeSymbol.swift; sourceTree = "<group>"; };
		BEB973C3246492F90035E170 /* RotatedBadgeSymbol.swift */ = {isa = PBXFileReference; lastKnownFileType = sourcecode.swift; path = RotatedBadgeSymbol.swift; sourceTree = "<group>"; };
		BEB973C52464945B0035E170 /* HikeView.swift */ = {isa = PBXFileReference; fileEncoding = 4; lastKnownFileType = sourcecode.swift; path = HikeView.swift; sourceTree = "<group>"; };
		BEB973C7246494730035E170 /* Hike.swift */ = {isa = PBXFileReference; fileEncoding = 4; lastKnownFileType = sourcecode.swift; path = Hike.swift; sourceTree = "<group>"; };
		BEB973C9246494890035E170 /* hikeData.json */ = {isa = PBXFileReference; fileEncoding = 4; lastKnownFileType = text.json; path = hikeData.json; sourceTree = "<group>"; };
		BEB973CC246494CC0035E170 /* HikeGraph.swift */ = {isa = PBXFileReference; fileEncoding = 4; lastKnownFileType = sourcecode.swift; path = HikeGraph.swift; sourceTree = "<group>"; };
		BEB973CE246495190035E170 /* GraphCapsule.swift */ = {isa = PBXFileReference; fileEncoding = 4; lastKnownFileType = sourcecode.swift; path = GraphCapsule.swift; sourceTree = "<group>"; };
		BEB973D0246495300035E170 /* HikeDetail.swift */ = {isa = PBXFileReference; fileEncoding = 4; lastKnownFileType = sourcecode.swift; path = HikeDetail.swift; sourceTree = "<group>"; };
		BEB973D224649BB50035E170 /* Home.swift */ = {isa = PBXFileReference; lastKnownFileType = sourcecode.swift; path = Home.swift; sourceTree = "<group>"; };
		BEB973D42464A31B0035E170 /* CategoryRow.swift */ = {isa = PBXFileReference; lastKnownFileType = sourcecode.swift; path = CategoryRow.swift; sourceTree = "<group>"; };
		BEB973D72464A9E80035E170 /* ProfileHost.swift */ = {isa = PBXFileReference; lastKnownFileType = sourcecode.swift; path = ProfileHost.swift; sourceTree = "<group>"; };
		BEB973D92464AA270035E170 /* Profile.swift */ = {isa = PBXFileReference; fileEncoding = 4; lastKnownFileType = sourcecode.swift; path = Profile.swift; sourceTree = "<group>"; };
		BEB973DB2464AC260035E170 /* ProfileSummary.swift */ = {isa = PBXFileReference; lastKnownFileType = sourcecode.swift; path = ProfileSummary.swift; sourceTree = "<group>"; };
		BEB973DD2464ACBD0035E170 /* HikeBadge.swift */ = {isa = PBXFileReference; lastKnownFileType = sourcecode.swift; path = HikeBadge.swift; sourceTree = "<group>"; };
		BEB973DF2464AE190035E170 /* ProfileEditor.swift */ = {isa = PBXFileReference; lastKnownFileType = sourcecode.swift; path = ProfileEditor.swift; sourceTree = "<group>"; };
		BEB973E12464B3C10035E170 /* DayView.swift */ = {isa = PBXFileReference; lastKnownFileType = sourcecode.swift; path = DayView.swift; sourceTree = "<group>"; };
		BEB973E32464BADE0035E170 /* RequirementRow.swift */ = {isa = PBXFileReference; lastKnownFileType = sourcecode.swift; path = RequirementRow.swift; sourceTree = "<group>"; };
		BEB973E52465B4B70035E170 /* landmarkData.json */ = {isa = PBXFileReference; fileEncoding = 4; lastKnownFileType = text.json; path = landmarkData.json; sourceTree = "<group>"; };
		BEB973E72465B4EA0035E170 /* requirementData.json */ = {isa = PBXFileReference; lastKnownFileType = text.json; path = requirementData.json; sourceTree = "<group>"; };
		BEB973E92465B8230035E170 /* Landmark.swift */ = {isa = PBXFileReference; fileEncoding = 4; lastKnownFileType = sourcecode.swift; path = Landmark.swift; sourceTree = "<group>"; };
		BEB973EB2465BC5A0035E170 /* rainbowlake.jpg */ = {isa = PBXFileReference; lastKnownFileType = image.jpeg; path = rainbowlake.jpg; sourceTree = "<group>"; };
		BEB973EC2465BC5A0035E170 /* stmarylake.jpg */ = {isa = PBXFileReference; lastKnownFileType = image.jpeg; path = stmarylake.jpg; sourceTree = "<group>"; };
		BEB973ED2465BC5A0035E170 /* chilkoottrail.jpg */ = {isa = PBXFileReference; lastKnownFileType = image.jpeg; path = chilkoottrail.jpg; sourceTree = "<group>"; };
		BEB973EE2465BC5A0035E170 /* chincoteague.jpg */ = {isa = PBXFileReference; lastKnownFileType = image.jpeg; path = chincoteague.jpg; sourceTree = "<group>"; };
		BEB973F32465BC600035E170 /* twinlake.jpg */ = {isa = PBXFileReference; lastKnownFileType = image.jpeg; path = twinlake.jpg; sourceTree = "<group>"; };
		BEB973F42465BC610035E170 /* hiddenlake.jpg */ = {isa = PBXFileReference; lastKnownFileType = image.jpeg; path = hiddenlake.jpg; sourceTree = "<group>"; };
		BEB973F52465BC610035E170 /* icybay.jpg */ = {isa = PBXFileReference; lastKnownFileType = image.jpeg; path = icybay.jpg; sourceTree = "<group>"; };
		BEB973F62465BC610035E170 /* umbagog.jpg */ = {isa = PBXFileReference; lastKnownFileType = image.jpeg; path = umbagog.jpg; sourceTree = "<group>"; };
		BEB973F72465BC610035E170 /* lakemcdonald.jpg */ = {isa = PBXFileReference; lastKnownFileType = image.jpeg; path = lakemcdonald.jpg; sourceTree = "<group>"; };
		BEB973FD2465BC660035E170 /* charleyrivers.jpg */ = {isa = PBXFileReference; lastKnownFileType = image.jpeg; path = charleyrivers.jpg; sourceTree = "<group>"; };
		BEB973FE2465BC660035E170 /* turtlerock.jpg */ = {isa = PBXFileReference; lastKnownFileType = image.jpeg; path = turtlerock.jpg; sourceTree = "<group>"; };
		BEB973FF2465BC660035E170 /* silversalmoncreek.jpg */ = {isa = PBXFileReference; lastKnownFileType = image.jpeg; path = silversalmoncreek.jpg; sourceTree = "<group>"; };
		BEB974032465C9A10035E170 /* Home-old.swift */ = {isa = PBXFileReference; lastKnownFileType = sourcecode.swift; path = "Home-old.swift"; sourceTree = "<group>"; };
		BEB974052465E3C30035E170 /* RequirementItem.swift */ = {isa = PBXFileReference; lastKnownFileType = sourcecode.swift; path = RequirementItem.swift; sourceTree = "<group>"; };
/* End PBXFileReference section */

/* Begin PBXFrameworksBuildPhase section */
		BEB9737124645FA50035E170 /* Frameworks */ = {
			isa = PBXFrameworksBuildPhase;
			buildActionMask = 2147483647;
			files = (
			);
			runOnlyForDeploymentPostprocessing = 0;
		};
		BEB9738724645FA80035E170 /* Frameworks */ = {
			isa = PBXFrameworksBuildPhase;
			buildActionMask = 2147483647;
			files = (
			);
			runOnlyForDeploymentPostprocessing = 0;
		};
		BEB9739224645FA80035E170 /* Frameworks */ = {
			isa = PBXFrameworksBuildPhase;
			buildActionMask = 2147483647;
			files = (
			);
			runOnlyForDeploymentPostprocessing = 0;
		};
/* End PBXFrameworksBuildPhase section */

/* Begin PBXGroup section */
		BEB9736B24645FA50035E170 = {
			isa = PBXGroup;
			children = (
				BEB9737624645FA60035E170 /* SeventyFiveHard */,
				BEB9738D24645FA80035E170 /* SeventyFiveHardTests */,
				BEB9739824645FA80035E170 /* SeventyFiveHardUITests */,
				BEB9737524645FA60035E170 /* Products */,
			);
			sourceTree = "<group>";
		};
		BEB9737524645FA60035E170 /* Products */ = {
			isa = PBXGroup;
			children = (
				BEB9737424645FA60035E170 /* SeventyFiveHard.app */,
				BEB9738A24645FA80035E170 /* SeventyFiveHardTests.xctest */,
				BEB9739524645FA80035E170 /* SeventyFiveHardUITests.xctest */,
			);
			name = Products;
			sourceTree = "<group>";
		};
		BEB9737624645FA60035E170 /* SeventyFiveHard */ = {
			isa = PBXGroup;
			children = (
				BEB973D62464A9BD0035E170 /* Profile */,
				BEB973CB246494BC0035E170 /* SupportingViews */,
				BEB973AE246471960035E170 /* Resources */,
				BEB973AB2464712C0035E170 /* Models */,
				BEB9737724645FA60035E170 /* AppDelegate.swift */,
				BEB973E12464B3C10035E170 /* DayView.swift */,
				BEB973D224649BB50035E170 /* Home.swift */,
				BEB974032465C9A10035E170 /* Home-old.swift */,
				BEB974052465E3C30035E170 /* RequirementItem.swift */,
				BEB973D42464A31B0035E170 /* CategoryRow.swift */,
				BEB973C52464945B0035E170 /* HikeView.swift */,
				BEB973D0246495300035E170 /* HikeDetail.swift */,
				BEB973BB24648EBF0035E170 /* Badge.swift */,
				BEB973BF246492100035E170 /* BadgeBackground.swift */,
				BEB9737924645FA60035E170 /* SceneDelegate.swift */,
				BEB9737B24645FA60035E170 /* ContentView.swift */,
				BEB973B72464795D0035E170 /* DayList.swift */,
				BEB9737D24645FA80035E170 /* Assets.xcassets */,
				BEB9738224645FA80035E170 /* LaunchScreen.storyboard */,
				BEB9738524645FA80035E170 /* Info.plist */,
				BEB9737F24645FA80035E170 /* Preview Content */,
				BEB01BC7246794660077EE1B /* DayPageViewController.swift */,
				BEB01BC92467968F0077EE1B /* DayPageView.swift */,
				BEB01BCB24685D040077EE1B /* DayGridView.swift */,
			);
			path = SeventyFiveHard;
			sourceTree = "<group>";
		};
		BEB9737F24645FA80035E170 /* Preview Content */ = {
			isa = PBXGroup;
			children = (
				BEB9738024645FA80035E170 /* Preview Assets.xcassets */,
			);
			path = "Preview Content";
			sourceTree = "<group>";
		};
		BEB9738D24645FA80035E170 /* SeventyFiveHardTests */ = {
			isa = PBXGroup;
			children = (
				BEB9738E24645FA80035E170 /* SeventyFiveHardTests.swift */,
				BEB9739024645FA80035E170 /* Info.plist */,
			);
			path = SeventyFiveHardTests;
			sourceTree = "<group>";
		};
		BEB9739824645FA80035E170 /* SeventyFiveHardUITests */ = {
			isa = PBXGroup;
			children = (
				BEB9739924645FA80035E170 /* SeventyFiveHardUITests.swift */,
				BEB9739B24645FA80035E170 /* Info.plist */,
			);
			path = SeventyFiveHardUITests;
			sourceTree = "<group>";
		};
		BEB973AB2464712C0035E170 /* Models */ = {
			isa = PBXGroup;
			children = (
				BEB973E92465B8230035E170 /* Landmark.swift */,
				BEB973D92464AA270035E170 /* Profile.swift */,
				BEB973C7246494730035E170 /* Hike.swift */,
				BEB973B5246475270035E170 /* Data.swift */,
				BEB973AC2464716A0035E170 /* Day.swift */,
				BEB973B1246472DC0035E170 /* Requirement.swift */,
				BEB973B924648A770035E170 /* UserData.swift */,
			);
			path = Models;
			sourceTree = "<group>";
		};
		BEB973AE246471960035E170 /* Resources */ = {
			isa = PBXGroup;
			children = (
				BEB973FD2465BC660035E170 /* charleyrivers.jpg */,
				BEB973FF2465BC660035E170 /* silversalmoncreek.jpg */,
				BEB973FE2465BC660035E170 /* turtlerock.jpg */,
				BEB973F42465BC610035E170 /* hiddenlake.jpg */,
				BEB973F52465BC610035E170 /* icybay.jpg */,
				BEB973F72465BC610035E170 /* lakemcdonald.jpg */,
				BEB973F32465BC600035E170 /* twinlake.jpg */,
				BEB973F62465BC610035E170 /* umbagog.jpg */,
				BEB973ED2465BC5A0035E170 /* chilkoottrail.jpg */,
				BEB973EE2465BC5A0035E170 /* chincoteague.jpg */,
				BEB973EB2465BC5A0035E170 /* rainbowlake.jpg */,
				BEB973EC2465BC5A0035E170 /* stmarylake.jpg */,
				BEB973E52465B4B70035E170 /* landmarkData.json */,
				BEB973C9246494890035E170 /* hikeData.json */,
				BEB973B3246473D40035E170 /* dayData.json */,
				BEB973E72465B4EA0035E170 /* requirementData.json */,
			);
			path = Resources;
			sourceTree = "<group>";
		};
		BEB973CB246494BC0035E170 /* SupportingViews */ = {
			isa = PBXGroup;
			children = (
				BEB973BD24648F120035E170 /* HexagonParameters.swift */,
				BEB973A924646E500035E170 /* MapView.swift */,
				BEB973A724646D320035E170 /* CircleImage.swift */,
				BEB973AF246471FB0035E170 /* Row.swift */,
				BEB973C3246492F90035E170 /* RotatedBadgeSymbol.swift */,
				BEB973C12464925F0035E170 /* BadgeSymbol.swift */,
				BEB973CE246495190035E170 /* GraphCapsule.swift */,
				BEB973CC246494CC0035E170 /* HikeGraph.swift */,
				BEB973DD2464ACBD0035E170 /* HikeBadge.swift */,
				BEB973E32464BADE0035E170 /* RequirementRow.swift */,
			);
			path = SupportingViews;
			sourceTree = "<group>";
		};
		BEB973D62464A9BD0035E170 /* Profile */ = {
			isa = PBXGroup;
			children = (
				BEB973D72464A9E80035E170 /* ProfileHost.swift */,
				BEB973DB2464AC260035E170 /* ProfileSummary.swift */,
				BEB973DF2464AE190035E170 /* ProfileEditor.swift */,
			);
			path = Profile;
			sourceTree = "<group>";
		};
/* End PBXGroup section */

/* Begin PBXNativeTarget section */
		BEB9737324645FA50035E170 /* SeventyFiveHard */ = {
			isa = PBXNativeTarget;
			buildConfigurationList = BEB9739E24645FA80035E170 /* Build configuration list for PBXNativeTarget "SeventyFiveHard" */;
			buildPhases = (
				BEB9737024645FA50035E170 /* Sources */,
				BEB9737124645FA50035E170 /* Frameworks */,
				BEB9737224645FA50035E170 /* Resources */,
			);
			buildRules = (
			);
			dependencies = (
			);
			name = SeventyFiveHard;
			productName = SeventyFiveHard;
			productReference = BEB9737424645FA60035E170 /* SeventyFiveHard.app */;
			productType = "com.apple.product-type.application";
		};
		BEB9738924645FA80035E170 /* SeventyFiveHardTests */ = {
			isa = PBXNativeTarget;
			buildConfigurationList = BEB973A124645FA80035E170 /* Build configuration list for PBXNativeTarget "SeventyFiveHardTests" */;
			buildPhases = (
				BEB9738624645FA80035E170 /* Sources */,
				BEB9738724645FA80035E170 /* Frameworks */,
				BEB9738824645FA80035E170 /* Resources */,
			);
			buildRules = (
			);
			dependencies = (
				BEB9738C24645FA80035E170 /* PBXTargetDependency */,
			);
			name = SeventyFiveHardTests;
			productName = SeventyFiveHardTests;
			productReference = BEB9738A24645FA80035E170 /* SeventyFiveHardTests.xctest */;
			productType = "com.apple.product-type.bundle.unit-test";
		};
		BEB9739424645FA80035E170 /* SeventyFiveHardUITests */ = {
			isa = PBXNativeTarget;
			buildConfigurationList = BEB973A424645FA80035E170 /* Build configuration list for PBXNativeTarget "SeventyFiveHardUITests" */;
			buildPhases = (
				BEB9739124645FA80035E170 /* Sources */,
				BEB9739224645FA80035E170 /* Frameworks */,
				BEB9739324645FA80035E170 /* Resources */,
			);
			buildRules = (
			);
			dependencies = (
				BEB9739724645FA80035E170 /* PBXTargetDependency */,
			);
			name = SeventyFiveHardUITests;
			productName = SeventyFiveHardUITests;
			productReference = BEB9739524645FA80035E170 /* SeventyFiveHardUITests.xctest */;
			productType = "com.apple.product-type.bundle.ui-testing";
		};
/* End PBXNativeTarget section */

/* Begin PBXProject section */
		BEB9736C24645FA50035E170 /* Project object */ = {
			isa = PBXProject;
			attributes = {
				LastSwiftUpdateCheck = 1140;
				LastUpgradeCheck = 1140;
				ORGANIZATIONNAME = "Will Saults";
				TargetAttributes = {
					BEB9737324645FA50035E170 = {
						CreatedOnToolsVersion = 11.4.1;
					};
					BEB9738924645FA80035E170 = {
						CreatedOnToolsVersion = 11.4.1;
						TestTargetID = BEB9737324645FA50035E170;
					};
					BEB9739424645FA80035E170 = {
						CreatedOnToolsVersion = 11.4.1;
						TestTargetID = BEB9737324645FA50035E170;
					};
				};
			};
			buildConfigurationList = BEB9736F24645FA50035E170 /* Build configuration list for PBXProject "SeventyFiveHard" */;
			compatibilityVersion = "Xcode 9.3";
			developmentRegion = en;
			hasScannedForEncodings = 0;
			knownRegions = (
				en,
				Base,
			);
			mainGroup = BEB9736B24645FA50035E170;
			productRefGroup = BEB9737524645FA60035E170 /* Products */;
			projectDirPath = "";
			projectRoot = "";
			targets = (
				BEB9737324645FA50035E170 /* SeventyFiveHard */,
				BEB9738924645FA80035E170 /* SeventyFiveHardTests */,
				BEB9739424645FA80035E170 /* SeventyFiveHardUITests */,
			);
		};
/* End PBXProject section */

/* Begin PBXResourcesBuildPhase section */
		BEB9737224645FA50035E170 /* Resources */ = {
			isa = PBXResourcesBuildPhase;
			buildActionMask = 2147483647;
			files = (
				BEB973F02465BC5A0035E170 /* stmarylake.jpg in Resources */,
				BEB974022465BC670035E170 /* silversalmoncreek.jpg in Resources */,
				BEB973F92465BC610035E170 /* hiddenlake.jpg in Resources */,
				BEB974012465BC670035E170 /* turtlerock.jpg in Resources */,
				BEB973E82465B4EA0035E170 /* requirementData.json in Resources */,
				BEB973B4246473D40035E170 /* dayData.json in Resources */,
				BEB973F12465BC5A0035E170 /* chilkoottrail.jpg in Resources */,
				BEB9738424645FA80035E170 /* LaunchScreen.storyboard in Resources */,
				BEB9738124645FA80035E170 /* Preview Assets.xcassets in Resources */,
				BEB974002465BC670035E170 /* charleyrivers.jpg in Resources */,
				BEB973F82465BC610035E170 /* twinlake.jpg in Resources */,
				BEB9737E24645FA80035E170 /* Assets.xcassets in Resources */,
				BEB973FB2465BC610035E170 /* umbagog.jpg in Resources */,
				BEB973F22465BC5A0035E170 /* chincoteague.jpg in Resources */,
				BEB973EF2465BC5A0035E170 /* rainbowlake.jpg in Resources */,
				BEB973CA246494890035E170 /* hikeData.json in Resources */,
				BEB973FA2465BC610035E170 /* icybay.jpg in Resources */,
				BEB973FC2465BC610035E170 /* lakemcdonald.jpg in Resources */,
				BEB973E62465B4B70035E170 /* landmarkData.json in Resources */,
			);
			runOnlyForDeploymentPostprocessing = 0;
		};
		BEB9738824645FA80035E170 /* Resources */ = {
			isa = PBXResourcesBuildPhase;
			buildActionMask = 2147483647;
			files = (
			);
			runOnlyForDeploymentPostprocessing = 0;
		};
		BEB9739324645FA80035E170 /* Resources */ = {
			isa = PBXResourcesBuildPhase;
			buildActionMask = 2147483647;
			files = (
			);
			runOnlyForDeploymentPostprocessing = 0;
		};
/* End PBXResourcesBuildPhase section */

/* Begin PBXSourcesBuildPhase section */
		BEB9737024645FA50035E170 /* Sources */ = {
			isa = PBXSourcesBuildPhase;
			buildActionMask = 2147483647;
			files = (
				BEB973CF246495190035E170 /* GraphCapsule.swift in Sources */,
				BEB973B82464795D0035E170 /* DayList.swift in Sources */,
				BEB973BC24648EBF0035E170 /* Badge.swift in Sources */,
				BEB973D82464A9E80035E170 /* ProfileHost.swift in Sources */,
				BEB9737824645FA60035E170 /* AppDelegate.swift in Sources */,
				BEB973EA2465B8230035E170 /* Landmark.swift in Sources */,
				BEB973A824646D320035E170 /* CircleImage.swift in Sources */,
				BEB973CD246494CC0035E170 /* HikeGraph.swift in Sources */,
				BEB973D52464A31B0035E170 /* CategoryRow.swift in Sources */,
				BEB974062465E3C30035E170 /* RequirementItem.swift in Sources */,
				BEB973AD2464716A0035E170 /* Day.swift in Sources */,
				BEB973C62464945C0035E170 /* HikeView.swift in Sources */,
				BEB973C8246494730035E170 /* Hike.swift in Sources */,
				BEB973AA24646E500035E170 /* MapView.swift in Sources */,
				BEB973DC2464AC260035E170 /* ProfileSummary.swift in Sources */,
				BEB973BA24648A770035E170 /* UserData.swift in Sources */,
				BEB973D1246495300035E170 /* HikeDetail.swift in Sources */,
				BEB9737A24645FA60035E170 /* SceneDelegate.swift in Sources */,
				BEB973C22464925F0035E170 /* BadgeSymbol.swift in Sources */,
				BEB973DA2464AA270035E170 /* Profile.swift in Sources */,
				BEB01BC8246794660077EE1B /* DayPageViewController.swift in Sources */,
				BEB973E42464BADE0035E170 /* RequirementRow.swift in Sources */,
				BEB973E02464AE190035E170 /* ProfileEditor.swift in Sources */,
				BEB973D324649BB50035E170 /* Home.swift in Sources */,
				BEB973E22464B3C10035E170 /* DayView.swift in Sources */,
				BEB973B2246472DC0035E170 /* Requirement.swift in Sources */,
				BEB973C0246492100035E170 /* BadgeBackground.swift in Sources */,
				BEB01BCC24685D040077EE1B /* DayGridView.swift in Sources */,
				BEB973BE24648F120035E170 /* HexagonParameters.swift in Sources */,
				BEB973DE2464ACBD0035E170 /* HikeBadge.swift in Sources */,
				BEB973B0246471FB0035E170 /* Row.swift in Sources */,
				BEB973B6246475270035E170 /* Data.swift in Sources */,
				BEB9737C24645FA60035E170 /* ContentView.swift in Sources */,
				BEB974042465C9A10035E170 /* Home-old.swift in Sources */,
				BEB973C4246492F90035E170 /* RotatedBadgeSymbol.swift in Sources */,
				BEB01BCA2467968F0077EE1B /* DayPageView.swift in Sources */,
			);
			runOnlyForDeploymentPostprocessing = 0;
		};
		BEB9738624645FA80035E170 /* Sources */ = {
			isa = PBXSourcesBuildPhase;
			buildActionMask = 2147483647;
			files = (
				BEB9738F24645FA80035E170 /* SeventyFiveHardTests.swift in Sources */,
			);
			runOnlyForDeploymentPostprocessing = 0;
		};
		BEB9739124645FA80035E170 /* Sources */ = {
			isa = PBXSourcesBuildPhase;
			buildActionMask = 2147483647;
			files = (
				BEB9739A24645FA80035E170 /* SeventyFiveHardUITests.swift in Sources */,
			);
			runOnlyForDeploymentPostprocessing = 0;
		};
/* End PBXSourcesBuildPhase section */

/* Begin PBXTargetDependency section */
		BEB9738C24645FA80035E170 /* PBXTargetDependency */ = {
			isa = PBXTargetDependency;
			target = BEB9737324645FA50035E170 /* SeventyFiveHard */;
			targetProxy = BEB9738B24645FA80035E170 /* PBXContainerItemProxy */;
		};
		BEB9739724645FA80035E170 /* PBXTargetDependency */ = {
			isa = PBXTargetDependency;
			target = BEB9737324645FA50035E170 /* SeventyFiveHard */;
			targetProxy = BEB9739624645FA80035E170 /* PBXContainerItemProxy */;
		};
/* End PBXTargetDependency section */

/* Begin PBXVariantGroup section */
		BEB9738224645FA80035E170 /* LaunchScreen.storyboard */ = {
			isa = PBXVariantGroup;
			children = (
				BEB9738324645FA80035E170 /* Base */,
			);
			name = LaunchScreen.storyboard;
			sourceTree = "<group>";
		};
/* End PBXVariantGroup section */

/* Begin XCBuildConfiguration section */
		BEB9739C24645FA80035E170 /* Debug */ = {
			isa = XCBuildConfiguration;
			buildSettings = {
				ALWAYS_SEARCH_USER_PATHS = NO;
				CLANG_ANALYZER_NONNULL = YES;
				CLANG_ANALYZER_NUMBER_OBJECT_CONVERSION = YES_AGGRESSIVE;
				CLANG_CXX_LANGUAGE_STANDARD = "gnu++14";
				CLANG_CXX_LIBRARY = "libc++";
				CLANG_ENABLE_MODULES = YES;
				CLANG_ENABLE_OBJC_ARC = YES;
				CLANG_ENABLE_OBJC_WEAK = YES;
				CLANG_WARN_BLOCK_CAPTURE_AUTORELEASING = YES;
				CLANG_WARN_BOOL_CONVERSION = YES;
				CLANG_WARN_COMMA = YES;
				CLANG_WARN_CONSTANT_CONVERSION = YES;
				CLANG_WARN_DEPRECATED_OBJC_IMPLEMENTATIONS = YES;
				CLANG_WARN_DIRECT_OBJC_ISA_USAGE = YES_ERROR;
				CLANG_WARN_DOCUMENTATION_COMMENTS = YES;
				CLANG_WARN_EMPTY_BODY = YES;
				CLANG_WARN_ENUM_CONVERSION = YES;
				CLANG_WARN_INFINITE_RECURSION = YES;
				CLANG_WARN_INT_CONVERSION = YES;
				CLANG_WARN_NON_LITERAL_NULL_CONVERSION = YES;
				CLANG_WARN_OBJC_IMPLICIT_RETAIN_SELF = YES;
				CLANG_WARN_OBJC_LITERAL_CONVERSION = YES;
				CLANG_WARN_OBJC_ROOT_CLASS = YES_ERROR;
				CLANG_WARN_RANGE_LOOP_ANALYSIS = YES;
				CLANG_WARN_STRICT_PROTOTYPES = YES;
				CLANG_WARN_SUSPICIOUS_MOVE = YES;
				CLANG_WARN_UNGUARDED_AVAILABILITY = YES_AGGRESSIVE;
				CLANG_WARN_UNREACHABLE_CODE = YES;
				CLANG_WARN__DUPLICATE_METHOD_MATCH = YES;
				COPY_PHASE_STRIP = NO;
				DEBUG_INFORMATION_FORMAT = dwarf;
				ENABLE_STRICT_OBJC_MSGSEND = YES;
				ENABLE_TESTABILITY = YES;
				GCC_C_LANGUAGE_STANDARD = gnu11;
				GCC_DYNAMIC_NO_PIC = NO;
				GCC_NO_COMMON_BLOCKS = YES;
				GCC_OPTIMIZATION_LEVEL = 0;
				GCC_PREPROCESSOR_DEFINITIONS = (
					"DEBUG=1",
					"$(inherited)",
				);
				GCC_WARN_64_TO_32_BIT_CONVERSION = YES;
				GCC_WARN_ABOUT_RETURN_TYPE = YES_ERROR;
				GCC_WARN_UNDECLARED_SELECTOR = YES;
				GCC_WARN_UNINITIALIZED_AUTOS = YES_AGGRESSIVE;
				GCC_WARN_UNUSED_FUNCTION = YES;
				GCC_WARN_UNUSED_VARIABLE = YES;
				IPHONEOS_DEPLOYMENT_TARGET = 13.4;
				MTL_ENABLE_DEBUG_INFO = INCLUDE_SOURCE;
				MTL_FAST_MATH = YES;
				ONLY_ACTIVE_ARCH = YES;
				SDKROOT = iphoneos;
				SWIFT_ACTIVE_COMPILATION_CONDITIONS = DEBUG;
				SWIFT_OPTIMIZATION_LEVEL = "-Onone";
			};
			name = Debug;
		};
		BEB9739D24645FA80035E170 /* Release */ = {
			isa = XCBuildConfiguration;
			buildSettings = {
				ALWAYS_SEARCH_USER_PATHS = NO;
				CLANG_ANALYZER_NONNULL = YES;
				CLANG_ANALYZER_NUMBER_OBJECT_CONVERSION = YES_AGGRESSIVE;
				CLANG_CXX_LANGUAGE_STANDARD = "gnu++14";
				CLANG_CXX_LIBRARY = "libc++";
				CLANG_ENABLE_MODULES = YES;
				CLANG_ENABLE_OBJC_ARC = YES;
				CLANG_ENABLE_OBJC_WEAK = YES;
				CLANG_WARN_BLOCK_CAPTURE_AUTORELEASING = YES;
				CLANG_WARN_BOOL_CONVERSION = YES;
				CLANG_WARN_COMMA = YES;
				CLANG_WARN_CONSTANT_CONVERSION = YES;
				CLANG_WARN_DEPRECATED_OBJC_IMPLEMENTATIONS = YES;
				CLANG_WARN_DIRECT_OBJC_ISA_USAGE = YES_ERROR;
				CLANG_WARN_DOCUMENTATION_COMMENTS = YES;
				CLANG_WARN_EMPTY_BODY = YES;
				CLANG_WARN_ENUM_CONVERSION = YES;
				CLANG_WARN_INFINITE_RECURSION = YES;
				CLANG_WARN_INT_CONVERSION = YES;
				CLANG_WARN_NON_LITERAL_NULL_CONVERSION = YES;
				CLANG_WARN_OBJC_IMPLICIT_RETAIN_SELF = YES;
				CLANG_WARN_OBJC_LITERAL_CONVERSION = YES;
				CLANG_WARN_OBJC_ROOT_CLASS = YES_ERROR;
				CLANG_WARN_RANGE_LOOP_ANALYSIS = YES;
				CLANG_WARN_STRICT_PROTOTYPES = YES;
				CLANG_WARN_SUSPICIOUS_MOVE = YES;
				CLANG_WARN_UNGUARDED_AVAILABILITY = YES_AGGRESSIVE;
				CLANG_WARN_UNREACHABLE_CODE = YES;
				CLANG_WARN__DUPLICATE_METHOD_MATCH = YES;
				COPY_PHASE_STRIP = NO;
				DEBUG_INFORMATION_FORMAT = "dwarf-with-dsym";
				ENABLE_NS_ASSERTIONS = NO;
				ENABLE_STRICT_OBJC_MSGSEND = YES;
				GCC_C_LANGUAGE_STANDARD = gnu11;
				GCC_NO_COMMON_BLOCKS = YES;
				GCC_WARN_64_TO_32_BIT_CONVERSION = YES;
				GCC_WARN_ABOUT_RETURN_TYPE = YES_ERROR;
				GCC_WARN_UNDECLARED_SELECTOR = YES;
				GCC_WARN_UNINITIALIZED_AUTOS = YES_AGGRESSIVE;
				GCC_WARN_UNUSED_FUNCTION = YES;
				GCC_WARN_UNUSED_VARIABLE = YES;
				IPHONEOS_DEPLOYMENT_TARGET = 13.4;
				MTL_ENABLE_DEBUG_INFO = NO;
				MTL_FAST_MATH = YES;
				SDKROOT = iphoneos;
				SWIFT_COMPILATION_MODE = wholemodule;
				SWIFT_OPTIMIZATION_LEVEL = "-O";
				VALIDATE_PRODUCT = YES;
			};
			name = Release;
		};
		BEB9739F24645FA80035E170 /* Debug */ = {
			isa = XCBuildConfiguration;
			buildSettings = {
				ASSETCATALOG_COMPILER_APPICON_NAME = AppIcon;
				CODE_SIGN_STYLE = Automatic;
				DEVELOPMENT_ASSET_PATHS = "\"SeventyFiveHard/Preview Content\"";
				DEVELOPMENT_TEAM = 77QB78PHPH;
				ENABLE_PREVIEWS = YES;
				INFOPLIST_FILE = SeventyFiveHard/Info.plist;
				LD_RUNPATH_SEARCH_PATHS = (
					"$(inherited)",
					"@executable_path/Frameworks",
				);
				PRODUCT_BUNDLE_IDENTIFIER = com.wsaults.SeventyFiveHard;
				PRODUCT_NAME = "$(TARGET_NAME)";
				SWIFT_VERSION = 5.0;
				TARGETED_DEVICE_FAMILY = "1,2";
			};
			name = Debug;
		};
		BEB973A024645FA80035E170 /* Release */ = {
			isa = XCBuildConfiguration;
			buildSettings = {
				ASSETCATALOG_COMPILER_APPICON_NAME = AppIcon;
				CODE_SIGN_STYLE = Automatic;
				DEVELOPMENT_ASSET_PATHS = "\"SeventyFiveHard/Preview Content\"";
				DEVELOPMENT_TEAM = 77QB78PHPH;
				ENABLE_PREVIEWS = YES;
				INFOPLIST_FILE = SeventyFiveHard/Info.plist;
				LD_RUNPATH_SEARCH_PATHS = (
					"$(inherited)",
					"@executable_path/Frameworks",
				);
				PRODUCT_BUNDLE_IDENTIFIER = com.wsaults.SeventyFiveHard;
				PRODUCT_NAME = "$(TARGET_NAME)";
				SWIFT_VERSION = 5.0;
				TARGETED_DEVICE_FAMILY = "1,2";
			};
			name = Release;
		};
		BEB973A224645FA80035E170 /* Debug */ = {
			isa = XCBuildConfiguration;
			buildSettings = {
				ALWAYS_EMBED_SWIFT_STANDARD_LIBRARIES = YES;
				BUNDLE_LOADER = "$(TEST_HOST)";
				CODE_SIGN_STYLE = Automatic;
				DEVELOPMENT_TEAM = 77QB78PHPH;
				INFOPLIST_FILE = SeventyFiveHardTests/Info.plist;
				IPHONEOS_DEPLOYMENT_TARGET = 13.4;
				LD_RUNPATH_SEARCH_PATHS = (
					"$(inherited)",
					"@executable_path/Frameworks",
					"@loader_path/Frameworks",
				);
				PRODUCT_BUNDLE_IDENTIFIER = com.wsaults.SeventyFiveHardTests;
				PRODUCT_NAME = "$(TARGET_NAME)";
				SWIFT_VERSION = 5.0;
				TARGETED_DEVICE_FAMILY = "1,2";
				TEST_HOST = "$(BUILT_PRODUCTS_DIR)/SeventyFiveHard.app/SeventyFiveHard";
			};
			name = Debug;
		};
		BEB973A324645FA80035E170 /* Release */ = {
			isa = XCBuildConfiguration;
			buildSettings = {
				ALWAYS_EMBED_SWIFT_STANDARD_LIBRARIES = YES;
				BUNDLE_LOADER = "$(TEST_HOST)";
				CODE_SIGN_STYLE = Automatic;
				DEVELOPMENT_TEAM = 77QB78PHPH;
				INFOPLIST_FILE = SeventyFiveHardTests/Info.plist;
				IPHONEOS_DEPLOYMENT_TARGET = 13.4;
				LD_RUNPATH_SEARCH_PATHS = (
					"$(inherited)",
					"@executable_path/Frameworks",
					"@loader_path/Frameworks",
				);
				PRODUCT_BUNDLE_IDENTIFIER = com.wsaults.SeventyFiveHardTests;
				PRODUCT_NAME = "$(TARGET_NAME)";
				SWIFT_VERSION = 5.0;
				TARGETED_DEVICE_FAMILY = "1,2";
				TEST_HOST = "$(BUILT_PRODUCTS_DIR)/SeventyFiveHard.app/SeventyFiveHard";
			};
			name = Release;
		};
		BEB973A524645FA80035E170 /* Debug */ = {
			isa = XCBuildConfiguration;
			buildSettings = {
				ALWAYS_EMBED_SWIFT_STANDARD_LIBRARIES = YES;
				CODE_SIGN_STYLE = Automatic;
				DEVELOPMENT_TEAM = 77QB78PHPH;
				INFOPLIST_FILE = SeventyFiveHardUITests/Info.plist;
				LD_RUNPATH_SEARCH_PATHS = (
					"$(inherited)",
					"@executable_path/Frameworks",
					"@loader_path/Frameworks",
				);
				PRODUCT_BUNDLE_IDENTIFIER = com.wsaults.SeventyFiveHardUITests;
				PRODUCT_NAME = "$(TARGET_NAME)";
				SWIFT_VERSION = 5.0;
				TARGETED_DEVICE_FAMILY = "1,2";
				TEST_TARGET_NAME = SeventyFiveHard;
			};
			name = Debug;
		};
		BEB973A624645FA80035E170 /* Release */ = {
			isa = XCBuildConfiguration;
			buildSettings = {
				ALWAYS_EMBED_SWIFT_STANDARD_LIBRARIES = YES;
				CODE_SIGN_STYLE = Automatic;
				DEVELOPMENT_TEAM = 77QB78PHPH;
				INFOPLIST_FILE = SeventyFiveHardUITests/Info.plist;
				LD_RUNPATH_SEARCH_PATHS = (
					"$(inherited)",
					"@executable_path/Frameworks",
					"@loader_path/Frameworks",
				);
				PRODUCT_BUNDLE_IDENTIFIER = com.wsaults.SeventyFiveHardUITests;
				PRODUCT_NAME = "$(TARGET_NAME)";
				SWIFT_VERSION = 5.0;
				TARGETED_DEVICE_FAMILY = "1,2";
				TEST_TARGET_NAME = SeventyFiveHard;
			};
			name = Release;
		};
/* End XCBuildConfiguration section */

/* Begin XCConfigurationList section */
		BEB9736F24645FA50035E170 /* Build configuration list for PBXProject "SeventyFiveHard" */ = {
			isa = XCConfigurationList;
			buildConfigurations = (
				BEB9739C24645FA80035E170 /* Debug */,
				BEB9739D24645FA80035E170 /* Release */,
			);
			defaultConfigurationIsVisible = 0;
			defaultConfigurationName = Release;
		};
		BEB9739E24645FA80035E170 /* Build configuration list for PBXNativeTarget "SeventyFiveHard" */ = {
			isa = XCConfigurationList;
			buildConfigurations = (
				BEB9739F24645FA80035E170 /* Debug */,
				BEB973A024645FA80035E170 /* Release */,
			);
			defaultConfigurationIsVisible = 0;
			defaultConfigurationName = Release;
		};
		BEB973A124645FA80035E170 /* Build configuration list for PBXNativeTarget "SeventyFiveHardTests" */ = {
			isa = XCConfigurationList;
			buildConfigurations = (
				BEB973A224645FA80035E170 /* Debug */,
				BEB973A324645FA80035E170 /* Release */,
			);
			defaultConfigurationIsVisible = 0;
			defaultConfigurationName = Release;
		};
		BEB973A424645FA80035E170 /* Build configuration list for PBXNativeTarget "SeventyFiveHardUITests" */ = {
			isa = XCConfigurationList;
			buildConfigurations = (
				BEB973A524645FA80035E170 /* Debug */,
				BEB973A624645FA80035E170 /* Release */,
			);
			defaultConfigurationIsVisible = 0;
			defaultConfigurationName = Release;
		};
/* End XCConfigurationList section */
	};
	rootObject = BEB9736C24645FA50035E170 /* Project object */;
}
